// !$*UTF8*$!
{
	archiveVersion = 1;
	classes = {
	};
	objectVersion = 48;
	objects = {

/* Begin PBXBuildFile section */
		931EAF9E1FC271DB00C0C985 /* MenuScene.sks in Resources */ = {isa = PBXBuildFile; fileRef = 931EAF9D1FC271DB00C0C985 /* MenuScene.sks */; };
		931EAFA01FC273D300C0C985 /* MenuScene.swift in Sources */ = {isa = PBXBuildFile; fileRef = 931EAF9F1FC273D300C0C985 /* MenuScene.swift */; };
		931EAFA21FC27BD200C0C985 /* CreditScene.sks in Resources */ = {isa = PBXBuildFile; fileRef = 931EAFA11FC27BD200C0C985 /* CreditScene.sks */; };
		931EAFA41FC27C0E00C0C985 /* CreditScene.swift in Sources */ = {isa = PBXBuildFile; fileRef = 931EAFA31FC27C0E00C0C985 /* CreditScene.swift */; };
		9372004A1FBD1A73001905D0 /* Tile.swift in Sources */ = {isa = PBXBuildFile; fileRef = 937200491FBD1A73001905D0 /* Tile.swift */; };
		9372004C1FBD1AE7001905D0 /* UIManager.swift in Sources */ = {isa = PBXBuildFile; fileRef = 9372004B1FBD1AE7001905D0 /* UIManager.swift */; };
		93B248881FAE9CFD00120666 /* AppDelegate.swift in Sources */ = {isa = PBXBuildFile; fileRef = 93B248871FAE9CFD00120666 /* AppDelegate.swift */; };
		93B2488A1FAE9CFD00120666 /* GameScene.sks in Resources */ = {isa = PBXBuildFile; fileRef = 93B248891FAE9CFD00120666 /* GameScene.sks */; };
		93B2488C1FAE9CFD00120666 /* Actions.sks in Resources */ = {isa = PBXBuildFile; fileRef = 93B2488B1FAE9CFD00120666 /* Actions.sks */; };
		93B2488E1FAE9CFD00120666 /* GameScene.swift in Sources */ = {isa = PBXBuildFile; fileRef = 93B2488D1FAE9CFD00120666 /* GameScene.swift */; };
		93B248901FAE9CFD00120666 /* GameViewController.swift in Sources */ = {isa = PBXBuildFile; fileRef = 93B2488F1FAE9CFD00120666 /* GameViewController.swift */; };
		93B248931FAE9CFD00120666 /* Main.storyboard in Resources */ = {isa = PBXBuildFile; fileRef = 93B248911FAE9CFD00120666 /* Main.storyboard */; };
		93B248951FAE9CFD00120666 /* Assets.xcassets in Resources */ = {isa = PBXBuildFile; fileRef = 93B248941FAE9CFD00120666 /* Assets.xcassets */; };
		93B248981FAE9CFD00120666 /* LaunchScreen.storyboard in Resources */ = {isa = PBXBuildFile; fileRef = 93B248961FAE9CFD00120666 /* LaunchScreen.storyboard */; };
		93B248A31FAE9CFD00120666 /* iReMazeTests.swift in Sources */ = {isa = PBXBuildFile; fileRef = 93B248A21FAE9CFD00120666 /* iReMazeTests.swift */; };
		93B248AE1FAE9CFE00120666 /* iReMazeUITests.swift in Sources */ = {isa = PBXBuildFile; fileRef = 93B248AD1FAE9CFE00120666 /* iReMazeUITests.swift */; };
/* End PBXBuildFile section */

/* Begin PBXContainerItemProxy section */
		93B2489F1FAE9CFD00120666 /* PBXContainerItemProxy */ = {
			isa = PBXContainerItemProxy;
			containerPortal = 93B2487C1FAE9CFD00120666 /* Project object */;
			proxyType = 1;
			remoteGlobalIDString = 93B248831FAE9CFD00120666;
			remoteInfo = iReMaze;
		};
		93B248AA1FAE9CFD00120666 /* PBXContainerItemProxy */ = {
			isa = PBXContainerItemProxy;
			containerPortal = 93B2487C1FAE9CFD00120666 /* Project object */;
			proxyType = 1;
			remoteGlobalIDString = 93B248831FAE9CFD00120666;
			remoteInfo = iReMaze;
		};
/* End PBXContainerItemProxy section */

/* Begin PBXFileReference section */
		931EAF9D1FC271DB00C0C985 /* MenuScene.sks */ = {isa = PBXFileReference; lastKnownFileType = file.sks; path = MenuScene.sks; sourceTree = "<group>"; };
		931EAF9F1FC273D300C0C985 /* MenuScene.swift */ = {isa = PBXFileReference; lastKnownFileType = sourcecode.swift; path = MenuScene.swift; sourceTree = "<group>"; };
		931EAFA11FC27BD200C0C985 /* CreditScene.sks */ = {isa = PBXFileReference; lastKnownFileType = file.sks; path = CreditScene.sks; sourceTree = "<group>"; };
		931EAFA31FC27C0E00C0C985 /* CreditScene.swift */ = {isa = PBXFileReference; lastKnownFileType = sourcecode.swift; path = CreditScene.swift; sourceTree = "<group>"; };
		937200491FBD1A73001905D0 /* Tile.swift */ = {isa = PBXFileReference; lastKnownFileType = sourcecode.swift; path = Tile.swift; sourceTree = "<group>"; };
		9372004B1FBD1AE7001905D0 /* UIManager.swift */ = {isa = PBXFileReference; lastKnownFileType = sourcecode.swift; path = UIManager.swift; sourceTree = "<group>"; };
		93B248841FAE9CFD00120666 /* iReMaze.app */ = {isa = PBXFileReference; explicitFileType = wrapper.application; includeInIndex = 0; path = iReMaze.app; sourceTree = BUILT_PRODUCTS_DIR; };
		93B248871FAE9CFD00120666 /* AppDelegate.swift */ = {isa = PBXFileReference; lastKnownFileType = sourcecode.swift; path = AppDelegate.swift; sourceTree = "<group>"; };
		93B248891FAE9CFD00120666 /* GameScene.sks */ = {isa = PBXFileReference; lastKnownFileType = file.sks; path = GameScene.sks; sourceTree = "<group>"; };
		93B2488B1FAE9CFD00120666 /* Actions.sks */ = {isa = PBXFileReference; lastKnownFileType = file.sks; path = Actions.sks; sourceTree = "<group>"; };
		93B2488D1FAE9CFD00120666 /* GameScene.swift */ = {isa = PBXFileReference; lastKnownFileType = sourcecode.swift; path = GameScene.swift; sourceTree = "<group>"; };
		93B2488F1FAE9CFD00120666 /* GameViewController.swift */ = {isa = PBXFileReference; lastKnownFileType = sourcecode.swift; path = GameViewController.swift; sourceTree = "<group>"; };
		93B248921FAE9CFD00120666 /* Base */ = {isa = PBXFileReference; lastKnownFileType = file.storyboard; name = Base; path = Base.lproj/Main.storyboard; sourceTree = "<group>"; };
		93B248941FAE9CFD00120666 /* Assets.xcassets */ = {isa = PBXFileReference; lastKnownFileType = folder.assetcatalog; path = Assets.xcassets; sourceTree = "<group>"; };
		93B248971FAE9CFD00120666 /* Base */ = {isa = PBXFileReference; lastKnownFileType = file.storyboard; name = Base; path = Base.lproj/LaunchScreen.storyboard; sourceTree = "<group>"; };
		93B248991FAE9CFD00120666 /* Info.plist */ = {isa = PBXFileReference; lastKnownFileType = text.plist.xml; path = Info.plist; sourceTree = "<group>"; };
		93B2489E1FAE9CFD00120666 /* iReMazeTests.xctest */ = {isa = PBXFileReference; explicitFileType = wrapper.cfbundle; includeInIndex = 0; path = iReMazeTests.xctest; sourceTree = BUILT_PRODUCTS_DIR; };
		93B248A21FAE9CFD00120666 /* iReMazeTests.swift */ = {isa = PBXFileReference; lastKnownFileType = sourcecode.swift; path = iReMazeTests.swift; sourceTree = "<group>"; };
		93B248A41FAE9CFD00120666 /* Info.plist */ = {isa = PBXFileReference; lastKnownFileType = text.plist.xml; path = Info.plist; sourceTree = "<group>"; };
		93B248A91FAE9CFD00120666 /* iReMazeUITests.xctest */ = {isa = PBXFileReference; explicitFileType = wrapper.cfbundle; includeInIndex = 0; path = iReMazeUITests.xctest; sourceTree = BUILT_PRODUCTS_DIR; };
		93B248AD1FAE9CFE00120666 /* iReMazeUITests.swift */ = {isa = PBXFileReference; lastKnownFileType = sourcecode.swift; path = iReMazeUITests.swift; sourceTree = "<group>"; };
		93B248AF1FAE9CFE00120666 /* Info.plist */ = {isa = PBXFileReference; lastKnownFileType = text.plist.xml; path = Info.plist; sourceTree = "<group>"; };
/* End PBXFileReference section */

/* Begin PBXFrameworksBuildPhase section */
		93B248811FAE9CFD00120666 /* Frameworks */ = {
			isa = PBXFrameworksBuildPhase;
			buildActionMask = 2147483647;
			files = (
			);
			runOnlyForDeploymentPostprocessing = 0;
		};
		93B2489B1FAE9CFD00120666 /* Frameworks */ = {
			isa = PBXFrameworksBuildPhase;
			buildActionMask = 2147483647;
			files = (
			);
			runOnlyForDeploymentPostprocessing = 0;
		};
		93B248A61FAE9CFD00120666 /* Frameworks */ = {
			isa = PBXFrameworksBuildPhase;
			buildActionMask = 2147483647;
			files = (
			);
			runOnlyForDeploymentPostprocessing = 0;
		};
/* End PBXFrameworksBuildPhase section */

/* Begin PBXGroup section */
		93B2487B1FAE9CFD00120666 = {
			isa = PBXGroup;
			children = (
				93B248861FAE9CFD00120666 /* iReMaze */,
				93B248A11FAE9CFD00120666 /* iReMazeTests */,
				93B248AC1FAE9CFD00120666 /* iReMazeUITests */,
				93B248851FAE9CFD00120666 /* Products */,
			);
			sourceTree = "<group>";
		};
		93B248851FAE9CFD00120666 /* Products */ = {
			isa = PBXGroup;
			children = (
				93B248841FAE9CFD00120666 /* iReMaze.app */,
				93B2489E1FAE9CFD00120666 /* iReMazeTests.xctest */,
				93B248A91FAE9CFD00120666 /* iReMazeUITests.xctest */,
			);
			name = Products;
			sourceTree = "<group>";
		};
		93B248861FAE9CFD00120666 /* iReMaze */ = {
			isa = PBXGroup;
			children = (
				93B248BB1FAE9D2000120666 /* System */,
				93B2488D1FAE9CFD00120666 /* GameScene.swift */,
				93B2488F1FAE9CFD00120666 /* GameViewController.swift */,
				93B248911FAE9CFD00120666 /* Main.storyboard */,
				93B248941FAE9CFD00120666 /* Assets.xcassets */,
				93B248961FAE9CFD00120666 /* LaunchScreen.storyboard */,
				93B248991FAE9CFD00120666 /* Info.plist */,
				937200491FBD1A73001905D0 /* Tile.swift */,
				9372004B1FBD1AE7001905D0 /* UIManager.swift */,
				931EAF9D1FC271DB00C0C985 /* MenuScene.sks */,
				931EAF9F1FC273D300C0C985 /* MenuScene.swift */,
				931EAFA11FC27BD200C0C985 /* CreditScene.sks */,
				931EAFA31FC27C0E00C0C985 /* CreditScene.swift */,
			);
			path = iReMaze;
			sourceTree = "<group>";
		};
		93B248A11FAE9CFD00120666 /* iReMazeTests */ = {
			isa = PBXGroup;
			children = (
				93B248A21FAE9CFD00120666 /* iReMazeTests.swift */,
				93B248A41FAE9CFD00120666 /* Info.plist */,
			);
			path = iReMazeTests;
			sourceTree = "<group>";
		};
		93B248AC1FAE9CFD00120666 /* iReMazeUITests */ = {
			isa = PBXGroup;
			children = (
				93B248AD1FAE9CFE00120666 /* iReMazeUITests.swift */,
				93B248AF1FAE9CFE00120666 /* Info.plist */,
			);
			path = iReMazeUITests;
			sourceTree = "<group>";
		};
		93B248BB1FAE9D2000120666 /* System */ = {
			isa = PBXGroup;
			children = (
				93B2488B1FAE9CFD00120666 /* Actions.sks */,
				93B248891FAE9CFD00120666 /* GameScene.sks */,
				93B248871FAE9CFD00120666 /* AppDelegate.swift */,
			);
			path = System;
			sourceTree = "<group>";
		};
/* End PBXGroup section */

/* Begin PBXNativeTarget section */
		93B248831FAE9CFD00120666 /* iReMaze */ = {
			isa = PBXNativeTarget;
			buildConfigurationList = 93B248B21FAE9CFE00120666 /* Build configuration list for PBXNativeTarget "iReMaze" */;
			buildPhases = (
				93B248801FAE9CFD00120666 /* Sources */,
				93B248811FAE9CFD00120666 /* Frameworks */,
				93B248821FAE9CFD00120666 /* Resources */,
			);
			buildRules = (
			);
			dependencies = (
			);
			name = iReMaze;
			productName = iReMaze;
			productReference = 93B248841FAE9CFD00120666 /* iReMaze.app */;
			productType = "com.apple.product-type.application";
		};
		93B2489D1FAE9CFD00120666 /* iReMazeTests */ = {
			isa = PBXNativeTarget;
			buildConfigurationList = 93B248B51FAE9CFE00120666 /* Build configuration list for PBXNativeTarget "iReMazeTests" */;
			buildPhases = (
				93B2489A1FAE9CFD00120666 /* Sources */,
				93B2489B1FAE9CFD00120666 /* Frameworks */,
				93B2489C1FAE9CFD00120666 /* Resources */,
			);
			buildRules = (
			);
			dependencies = (
				93B248A01FAE9CFD00120666 /* PBXTargetDependency */,
			);
			name = iReMazeTests;
			productName = iReMazeTests;
			productReference = 93B2489E1FAE9CFD00120666 /* iReMazeTests.xctest */;
			productType = "com.apple.product-type.bundle.unit-test";
		};
		93B248A81FAE9CFD00120666 /* iReMazeUITests */ = {
			isa = PBXNativeTarget;
			buildConfigurationList = 93B248B81FAE9CFE00120666 /* Build configuration list for PBXNativeTarget "iReMazeUITests" */;
			buildPhases = (
				93B248A51FAE9CFD00120666 /* Sources */,
				93B248A61FAE9CFD00120666 /* Frameworks */,
				93B248A71FAE9CFD00120666 /* Resources */,
			);
			buildRules = (
			);
			dependencies = (
				93B248AB1FAE9CFD00120666 /* PBXTargetDependency */,
			);
			name = iReMazeUITests;
			productName = iReMazeUITests;
			productReference = 93B248A91FAE9CFD00120666 /* iReMazeUITests.xctest */;
			productType = "com.apple.product-type.bundle.ui-testing";
		};
/* End PBXNativeTarget section */

/* Begin PBXProject section */
		93B2487C1FAE9CFD00120666 /* Project object */ = {
			isa = PBXProject;
			attributes = {
				LastSwiftUpdateCheck = 0910;
				LastUpgradeCheck = 0910;
				ORGANIZATIONNAME = "Timothy Dowling";
				TargetAttributes = {
					93B248831FAE9CFD00120666 = {
						CreatedOnToolsVersion = 9.1;
						ProvisioningStyle = Automatic;
					};
					93B2489D1FAE9CFD00120666 = {
						CreatedOnToolsVersion = 9.1;
						ProvisioningStyle = Automatic;
						TestTargetID = 93B248831FAE9CFD00120666;
					};
					93B248A81FAE9CFD00120666 = {
						CreatedOnToolsVersion = 9.1;
						ProvisioningStyle = Automatic;
						TestTargetID = 93B248831FAE9CFD00120666;
					};
				};
			};
			buildConfigurationList = 93B2487F1FAE9CFD00120666 /* Build configuration list for PBXProject "iReMaze" */;
			compatibilityVersion = "Xcode 8.0";
			developmentRegion = en;
			hasScannedForEncodings = 0;
			knownRegions = (
				en,
				Base,
			);
			mainGroup = 93B2487B1FAE9CFD00120666;
			productRefGroup = 93B248851FAE9CFD00120666 /* Products */;
			projectDirPath = "";
			projectRoot = "";
			targets = (
				93B248831FAE9CFD00120666 /* iReMaze */,
				93B2489D1FAE9CFD00120666 /* iReMazeTests */,
				93B248A81FAE9CFD00120666 /* iReMazeUITests */,
			);
		};
/* End PBXProject section */

/* Begin PBXResourcesBuildPhase section */
		93B248821FAE9CFD00120666 /* Resources */ = {
			isa = PBXResourcesBuildPhase;
			buildActionMask = 2147483647;
			files = (
				93B248931FAE9CFD00120666 /* Main.storyboard in Resources */,
				931EAF9E1FC271DB00C0C985 /* MenuScene.sks in Resources */,
				93B2488A1FAE9CFD00120666 /* GameScene.sks in Resources */,
				93B248951FAE9CFD00120666 /* Assets.xcassets in Resources */,
				931EAFA21FC27BD200C0C985 /* CreditScene.sks in Resources */,
				93B248981FAE9CFD00120666 /* LaunchScreen.storyboard in Resources */,
				93B2488C1FAE9CFD00120666 /* Actions.sks in Resources */,
			);
			runOnlyForDeploymentPostprocessing = 0;
		};
		93B2489C1FAE9CFD00120666 /* Resources */ = {
			isa = PBXResourcesBuildPhase;
			buildActionMask = 2147483647;
			files = (
			);
			runOnlyForDeploymentPostprocessing = 0;
		};
		93B248A71FAE9CFD00120666 /* Resources */ = {
			isa = PBXResourcesBuildPhase;
			buildActionMask = 2147483647;
			files = (
			);
			runOnlyForDeploymentPostprocessing = 0;
		};
/* End PBXResourcesBuildPhase section */

/* Begin PBXSourcesBuildPhase section */
		93B248801FAE9CFD00120666 /* Sources */ = {
			isa = PBXSourcesBuildPhase;
			buildActionMask = 2147483647;
			files = (
				9372004C1FBD1AE7001905D0 /* UIManager.swift in Sources */,
				93B2488E1FAE9CFD00120666 /* GameScene.swift in Sources */,
				93B248901FAE9CFD00120666 /* GameViewController.swift in Sources */,
				931EAFA01FC273D300C0C985 /* MenuScene.swift in Sources */,
				93B248881FAE9CFD00120666 /* AppDelegate.swift in Sources */,
				9372004A1FBD1A73001905D0 /* Tile.swift in Sources */,
				931EAFA41FC27C0E00C0C985 /* CreditScene.swift in Sources */,
			);
			runOnlyForDeploymentPostprocessing = 0;
		};
		93B2489A1FAE9CFD00120666 /* Sources */ = {
			isa = PBXSourcesBuildPhase;
			buildActionMask = 2147483647;
			files = (
				93B248A31FAE9CFD00120666 /* iReMazeTests.swift in Sources */,
			);
			runOnlyForDeploymentPostprocessing = 0;
		};
		93B248A51FAE9CFD00120666 /* Sources */ = {
			isa = PBXSourcesBuildPhase;
			buildActionMask = 2147483647;
			files = (
				93B248AE1FAE9CFE00120666 /* iReMazeUITests.swift in Sources */,
			);
			runOnlyForDeploymentPostprocessing = 0;
		};
/* End PBXSourcesBuildPhase section */

/* Begin PBXTargetDependency section */
		93B248A01FAE9CFD00120666 /* PBXTargetDependency */ = {
			isa = PBXTargetDependency;
			target = 93B248831FAE9CFD00120666 /* iReMaze */;
			targetProxy = 93B2489F1FAE9CFD00120666 /* PBXContainerItemProxy */;
		};
		93B248AB1FAE9CFD00120666 /* PBXTargetDependency */ = {
			isa = PBXTargetDependency;
			target = 93B248831FAE9CFD00120666 /* iReMaze */;
			targetProxy = 93B248AA1FAE9CFD00120666 /* PBXContainerItemProxy */;
		};
/* End PBXTargetDependency section */

/* Begin PBXVariantGroup section */
		93B248911FAE9CFD00120666 /* Main.storyboard */ = {
			isa = PBXVariantGroup;
			children = (
				93B248921FAE9CFD00120666 /* Base */,
			);
			name = Main.storyboard;
			sourceTree = "<group>";
		};
		93B248961FAE9CFD00120666 /* LaunchScreen.storyboard */ = {
			isa = PBXVariantGroup;
			children = (
				93B248971FAE9CFD00120666 /* Base */,
			);
			name = LaunchScreen.storyboard;
			sourceTree = "<group>";
		};
/* End PBXVariantGroup section */

/* Begin XCBuildConfiguration section */
		93B248B01FAE9CFE00120666 /* Debug */ = {
			isa = XCBuildConfiguration;
			buildSettings = {
				ALWAYS_SEARCH_USER_PATHS = NO;
				CLANG_ANALYZER_NONNULL = YES;
				CLANG_ANALYZER_NUMBER_OBJECT_CONVERSION = YES_AGGRESSIVE;
				CLANG_CXX_LANGUAGE_STANDARD = "gnu++14";
				CLANG_CXX_LIBRARY = "libc++";
				CLANG_ENABLE_MODULES = YES;
				CLANG_ENABLE_OBJC_ARC = YES;
				CLANG_WARN_BLOCK_CAPTURE_AUTORELEASING = YES;
				CLANG_WARN_BOOL_CONVERSION = YES;
				CLANG_WARN_COMMA = YES;
				CLANG_WARN_CONSTANT_CONVERSION = YES;
				CLANG_WARN_DIRECT_OBJC_ISA_USAGE = YES_ERROR;
				CLANG_WARN_DOCUMENTATION_COMMENTS = YES;
				CLANG_WARN_EMPTY_BODY = YES;
				CLANG_WARN_ENUM_CONVERSION = YES;
				CLANG_WARN_INFINITE_RECURSION = YES;
				CLANG_WARN_INT_CONVERSION = YES;
				CLANG_WARN_NON_LITERAL_NULL_CONVERSION = YES;
				CLANG_WARN_OBJC_LITERAL_CONVERSION = YES;
				CLANG_WARN_OBJC_ROOT_CLASS = YES_ERROR;
				CLANG_WARN_RANGE_LOOP_ANALYSIS = YES;
				CLANG_WARN_STRICT_PROTOTYPES = YES;
				CLANG_WARN_SUSPICIOUS_MOVE = YES;
				CLANG_WARN_UNGUARDED_AVAILABILITY = YES_AGGRESSIVE;
				CLANG_WARN_UNREACHABLE_CODE = YES;
				CLANG_WARN__DUPLICATE_METHOD_MATCH = YES;
				CODE_SIGN_IDENTITY = "iPhone Developer";
				COPY_PHASE_STRIP = NO;
				DEBUG_INFORMATION_FORMAT = dwarf;
				ENABLE_STRICT_OBJC_MSGSEND = YES;
				ENABLE_TESTABILITY = YES;
				GCC_C_LANGUAGE_STANDARD = gnu11;
				GCC_DYNAMIC_NO_PIC = NO;
				GCC_NO_COMMON_BLOCKS = YES;
				GCC_OPTIMIZATION_LEVEL = 0;
				GCC_PREPROCESSOR_DEFINITIONS = (
					"DEBUG=1",
					"$(inherited)",
				);
				GCC_WARN_64_TO_32_BIT_CONVERSION = YES;
				GCC_WARN_ABOUT_RETURN_TYPE = YES_ERROR;
				GCC_WARN_UNDECLARED_SELECTOR = YES;
				GCC_WARN_UNINITIALIZED_AUTOS = YES_AGGRESSIVE;
				GCC_WARN_UNUSED_FUNCTION = YES;
				GCC_WARN_UNUSED_VARIABLE = YES;
				IPHONEOS_DEPLOYMENT_TARGET = 11.1;
				MTL_ENABLE_DEBUG_INFO = YES;
				ONLY_ACTIVE_ARCH = YES;
				SDKROOT = iphoneos;
				SWIFT_ACTIVE_COMPILATION_CONDITIONS = DEBUG;
				SWIFT_OPTIMIZATION_LEVEL = "-Onone";
			};
			name = Debug;
		};
		93B248B11FAE9CFE00120666 /* Release */ = {
			isa = XCBuildConfiguration;
			buildSettings = {
				ALWAYS_SEARCH_USER_PATHS = NO;
				CLANG_ANALYZER_NONNULL = YES;
				CLANG_ANALYZER_NUMBER_OBJECT_CONVERSION = YES_AGGRESSIVE;
				CLANG_CXX_LANGUAGE_STANDARD = "gnu++14";
				CLANG_CXX_LIBRARY = "libc++";
				CLANG_ENABLE_MODULES = YES;
				CLANG_ENABLE_OBJC_ARC = YES;
				CLANG_WARN_BLOCK_CAPTURE_AUTORELEASING = YES;
				CLANG_WARN_BOOL_CONVERSION = YES;
				CLANG_WARN_COMMA = YES;
				CLANG_WARN_CONSTANT_CONVERSION = YES;
				CLANG_WARN_DIRECT_OBJC_ISA_USAGE = YES_ERROR;
				CLANG_WARN_DOCUMENTATION_COMMENTS = YES;
				CLANG_WARN_EMPTY_BODY = YES;
				CLANG_WARN_ENUM_CONVERSION = YES;
				CLANG_WARN_INFINITE_RECURSION = YES;
				CLANG_WARN_INT_CONVERSION = YES;
				CLANG_WARN_NON_LITERAL_NULL_CONVERSION = YES;
				CLANG_WARN_OBJC_LITERAL_CONVERSION = YES;
				CLANG_WARN_OBJC_ROOT_CLASS = YES_ERROR;
				CLANG_WARN_RANGE_LOOP_ANALYSIS = YES;
				CLANG_WARN_STRICT_PROTOTYPES = YES;
				CLANG_WARN_SUSPICIOUS_MOVE = YES;
				CLANG_WARN_UNGUARDED_AVAILABILITY = YES_AGGRESSIVE;
				CLANG_WARN_UNREACHABLE_CODE = YES;
				CLANG_WARN__DUPLICATE_METHOD_MATCH = YES;
				CODE_SIGN_IDENTITY = "iPhone Developer";
				COPY_PHASE_STRIP = NO;
				DEBUG_INFORMATION_FORMAT = "dwarf-with-dsym";
				ENABLE_NS_ASSERTIONS = NO;
				ENABLE_STRICT_OBJC_MSGSEND = YES;
				GCC_C_LANGUAGE_STANDARD = gnu11;
				GCC_NO_COMMON_BLOCKS = YES;
				GCC_WARN_64_TO_32_BIT_CONVERSION = YES;
				GCC_WARN_ABOUT_RETURN_TYPE = YES_ERROR;
				GCC_WARN_UNDECLARED_SELECTOR = YES;
				GCC_WARN_UNINITIALIZED_AUTOS = YES_AGGRESSIVE;
				GCC_WARN_UNUSED_FUNCTION = YES;
				GCC_WARN_UNUSED_VARIABLE = YES;
				IPHONEOS_DEPLOYMENT_TARGET = 11.1;
				MTL_ENABLE_DEBUG_INFO = NO;
				SDKROOT = iphoneos;
				SWIFT_OPTIMIZATION_LEVEL = "-Owholemodule";
				VALIDATE_PRODUCT = YES;
			};
			name = Release;
		};
		93B248B31FAE9CFE00120666 /* Debug */ = {
			isa = XCBuildConfiguration;
			buildSettings = {
				ASSETCATALOG_COMPILER_APPICON_NAME = AppIcon;
				CODE_SIGN_STYLE = Automatic;
				DEVELOPMENT_TEAM = N62BF2D87Q;
				INFOPLIST_FILE = iReMaze/Info.plist;
				IPHONEOS_DEPLOYMENT_TARGET = 9.3;
				LD_RUNPATH_SEARCH_PATHS = "$(inherited) @executable_path/Frameworks";
				PRODUCT_BUNDLE_IDENTIFIER = ca.dowscopemedia.iReMaze;
				PRODUCT_NAME = "$(TARGET_NAME)";
				SWIFT_VERSION = 4.0;
				TARGETED_DEVICE_FAMILY = "1,2";
			};
			name = Debug;
		};
		93B248B41FAE9CFE00120666 /* Release */ = {
			isa = XCBuildConfiguration;
			buildSettings = {
				ASSETCATALOG_COMPILER_APPICON_NAME = AppIcon;
				CODE_SIGN_STYLE = Automatic;
				DEVELOPMENT_TEAM = N62BF2D87Q;
				INFOPLIST_FILE = iReMaze/Info.plist;
				IPHONEOS_DEPLOYMENT_TARGET = 9.3;
				LD_RUNPATH_SEARCH_PATHS = "$(inherited) @executable_path/Frameworks";
				PRODUCT_BUNDLE_IDENTIFIER = ca.dowscopemedia.iReMaze;
				PRODUCT_NAME = "$(TARGET_NAME)";
				SWIFT_VERSION = 4.0;
				TARGETED_DEVICE_FAMILY = "1,2";
			};
			name = Release;
		};
		93B248B61FAE9CFE00120666 /* Debug */ = {
			isa = XCBuildConfiguration;
			buildSettings = {
				ALWAYS_EMBED_SWIFT_STANDARD_LIBRARIES = YES;
				BUNDLE_LOADER = "$(TEST_HOST)";
				CODE_SIGN_STYLE = Automatic;
				DEVELOPMENT_TEAM = N62BF2D87Q;
				INFOPLIST_FILE = iReMazeTests/Info.plist;
				LD_RUNPATH_SEARCH_PATHS = "$(inherited) @executable_path/Frameworks @loader_path/Frameworks";
				PRODUCT_BUNDLE_IDENTIFIER = ca.dowscopemedia.iReMazeTests;
				PRODUCT_NAME = "$(TARGET_NAME)";
				SWIFT_VERSION = 4.0;
				TARGETED_DEVICE_FAMILY = "1,2";
				TEST_HOST = "$(BUILT_PRODUCTS_DIR)/iReMaze.app/iReMaze";
			};
			name = Debug;
		};
		93B248B71FAE9CFE00120666 /* Release */ = {
			isa = XCBuildConfiguration;
			buildSettings = {
				ALWAYS_EMBED_SWIFT_STANDARD_LIBRARIES = YES;
				BUNDLE_LOADER = "$(TEST_HOST)";
				CODE_SIGN_STYLE = Automatic;
				DEVELOPMENT_TEAM = N62BF2D87Q;
				INFOPLIST_FILE = iReMazeTests/Info.plist;
				LD_RUNPATH_SEARCH_PATHS = "$(inherited) @executable_path/Frameworks @loader_path/Frameworks";
				PRODUCT_BUNDLE_IDENTIFIER = ca.dowscopemedia.iReMazeTests;
				PRODUCT_NAME = "$(TARGET_NAME)";
				SWIFT_VERSION = 4.0;
				TARGETED_DEVICE_FAMILY = "1,2";
				TEST_HOST = "$(BUILT_PRODUCTS_DIR)/iReMaze.app/iReMaze";
			};
			name = Release;
		};
		93B248B91FAE9CFE00120666 /* Debug */ = {
			isa = XCBuildConfiguration;
			buildSettings = {
				ALWAYS_EMBED_SWIFT_STANDARD_LIBRARIES = YES;
				CODE_SIGN_STYLE = Automatic;
				DEVELOPMENT_TEAM = N62BF2D87Q;
				INFOPLIST_FILE = iReMazeUITests/Info.plist;
				LD_RUNPATH_SEARCH_PATHS = "$(inherited) @executable_path/Frameworks @loader_path/Frameworks";
				PRODUCT_BUNDLE_IDENTIFIER = ca.dowscopemedia.iReMazeUITests;
				PRODUCT_NAME = "$(TARGET_NAME)";
				SWIFT_VERSION = 4.0;
				TARGETED_DEVICE_FAMILY = "1,2";
				TEST_TARGET_NAME = iReMaze;
			};
			name = Debug;
		};
		93B248BA1FAE9CFE00120666 /* Release */ = {
			isa = XCBuildConfiguration;
			buildSettings = {
				ALWAYS_EMBED_SWIFT_STANDARD_LIBRARIES = YES;
				CODE_SIGN_STYLE = Automatic;
				DEVELOPMENT_TEAM = N62BF2D87Q;
				INFOPLIST_FILE = iReMazeUITests/Info.plist;
				LD_RUNPATH_SEARCH_PATHS = "$(inherited) @executable_path/Frameworks @loader_path/Frameworks";
				PRODUCT_BUNDLE_IDENTIFIER = ca.dowscopemedia.iReMazeUITests;
				PRODUCT_NAME = "$(TARGET_NAME)";
				SWIFT_VERSION = 4.0;
				TARGETED_DEVICE_FAMILY = "1,2";
				TEST_TARGET_NAME = iReMaze;
			};
			name = Release;
		};
/* End XCBuildConfiguration section */

/* Begin XCConfigurationList section */
		93B2487F1FAE9CFD00120666 /* Build configuration list for PBXProject "iReMaze" */ = {
			isa = XCConfigurationList;
			buildConfigurations = (
				93B248B01FAE9CFE00120666 /* Debug */,
				93B248B11FAE9CFE00120666 /* Release */,
			);
			defaultConfigurationIsVisible = 0;
			defaultConfigurationName = Release;
		};
		93B248B21FAE9CFE00120666 /* Build configuration list for PBXNativeTarget "iReMaze" */ = {
			isa = XCConfigurationList;
			buildConfigurations = (
				93B248B31FAE9CFE00120666 /* Debug */,
				93B248B41FAE9CFE00120666 /* Release */,
			);
			defaultConfigurationIsVisible = 0;
			defaultConfigurationName = Release;
		};
		93B248B51FAE9CFE00120666 /* Build configuration list for PBXNativeTarget "iReMazeTests" */ = {
			isa = XCConfigurationList;
			buildConfigurations = (
				93B248B61FAE9CFE00120666 /* Debug */,
				93B248B71FAE9CFE00120666 /* Release */,
			);
			defaultConfigurationIsVisible = 0;
			defaultConfigurationName = Release;
		};
		93B248B81FAE9CFE00120666 /* Build configuration list for PBXNativeTarget "iReMazeUITests" */ = {
			isa = XCConfigurationList;
			buildConfigurations = (
				93B248B91FAE9CFE00120666 /* Debug */,
				93B248BA1FAE9CFE00120666 /* Release */,
			);
			defaultConfigurationIsVisible = 0;
			defaultConfigurationName = Release;
		};
/* End XCConfigurationList section */
	};
	rootObject = 93B2487C1FAE9CFD00120666 /* Project object */;
}
